
Microsoft Visual Studio Solution File, Format Version 12.00
# Visual Studio 14
VisualStudioVersion = 14.0.25420.1
MinimumVisualStudioVersion = 10.0.40219.1
Project("{FAE04EC0-301F-11D3-BF4B-00C04F79EFBC}") = "MyEvernote.WebApp", "MyEvernote.WebApp\MyEvernote.WebApp.csproj", "{76E92770-9B6D-48C3-A5C2-5CE181EC863F}"
EndProject
Project("{FAE04EC0-301F-11D3-BF4B-00C04F79EFBC}") = "MyEvernote.BusinessLayer", "MyEvernote.BusinessLayer\MyEvernote.BusinessLayer.csproj", "{235245C3-A97D-49F1-8450-8827AEF429A3}"
EndProject
Project("{FAE04EC0-301F-11D3-BF4B-00C04F79EFBC}") = "MyEverNote.DataAccessLayer", "MyEverNote.DataAccessLayer\MyEverNote.DataAccessLayer.csproj", "{10157D63-E0E2-4AD8-894F-B620D90C1135}"
EndProject
Project("{FAE04EC0-301F-11D3-BF4B-00C04F79EFBC}") = "MyEvernote.Entities", "MyEvernote.Entities\MyEvernote.Entities.csproj", "{14C726D9-85A9-43F0-90A8-08E1E9EDE53E}"
EndProject
Project("{FAE04EC0-301F-11D3-BF4B-00C04F79EFBC}") = "MyEvernote.Common", "MyEvernote.Common\MyEvernote.Common.csproj", "{8C68232D-23AC-4B04-AC62-769DB7D04485}"
EndProject
Project("{FAE04EC0-301F-11D3-BF4B-00C04F79EFBC}") = "MyEvernote.Core", "MyEvernote.Core\MyEvernote.Core.csproj", "{459E866E-300F-4A4A-8BB0-FB46B07EB0F0}"
EndProject
Global
	GlobalSection(SolutionConfigurationPlatforms) = preSolution
		Debug|Any CPU = Debug|Any CPU
		Release|Any CPU = Release|Any CPU
	EndGlobalSection
	GlobalSection(ProjectConfigurationPlatforms) = postSolution
		{76E92770-9B6D-48C3-A5C2-5CE181EC863F}.Debug|Any CPU.ActiveCfg = Debug|Any CPU
		{76E92770-9B6D-48C3-A5C2-5CE181EC863F}.Debug|Any CPU.Build.0 = Debug|Any CPU
		{76E92770-9B6D-48C3-A5C2-5CE181EC863F}.Release|Any CPU.ActiveCfg = Release|Any CPU
		{76E92770-9B6D-48C3-A5C2-5CE181EC863F}.Release|Any CPU.Build.0 = Release|Any CPU
		{235245C3-A97D-49F1-8450-8827AEF429A3}.Debug|Any CPU.ActiveCfg = Debug|Any CPU
		{235245C3-A97D-49F1-8450-8827AEF429A3}.Debug|Any CPU.Build.0 = Debug|Any CPU
		{235245C3-A97D-49F1-8450-8827AEF429A3}.Release|Any CPU.ActiveCfg = Release|Any CPU
		{235245C3-A97D-49F1-8450-8827AEF429A3}.Release|Any CPU.Build.0 = Release|Any CPU
		{10157D63-E0E2-4AD8-894F-B620D90C1135}.Debug|Any CPU.ActiveCfg = Debug|Any CPU
		{10157D63-E0E2-4AD8-894F-B620D90C1135}.Debug|Any CPU.Build.0 = Debug|Any CPU
		{10157D63-E0E2-4AD8-894F-B620D90C1135}.Release|Any CPU.ActiveCfg = Release|Any CPU
		{10157D63-E0E2-4AD8-894F-B620D90C1135}.Release|Any CPU.Build.0 = Release|Any CPU
		{14C726D9-85A9-43F0-90A8-08E1E9EDE53E}.Debug|Any CPU.ActiveCfg = Debug|Any CPU
		{14C726D9-85A9-43F0-90A8-08E1E9EDE53E}.Debug|Any CPU.Build.0 = Debug|Any CPU
		{14C726D9-85A9-43F0-90A8-08E1E9EDE53E}.Release|Any CPU.ActiveCfg = Release|Any CPU
		{14C726D9-85A9-43F0-90A8-08E1E9EDE53E}.Release|Any CPU.Build.0 = Release|Any CPU
		{8C68232D-23AC-4B04-AC62-769DB7D04485}.Debug|Any CPU.ActiveCfg = Debug|Any CPU
		{8C68232D-23AC-4B04-AC62-769DB7D04485}.Debug|Any CPU.Build.0 = Debug|Any CPU
		{8C68232D-23AC-4B04-AC62-769DB7D04485}.Release|Any CPU.ActiveCfg = Release|Any CPU
		{8C68232D-23AC-4B04-AC62-769DB7D04485}.Release|Any CPU.Build.0 = Release|Any CPU
		{459E866E-300F-4A4A-8BB0-FB46B07EB0F0}.Debug|Any CPU.ActiveCfg = Debug|Any CPU
		{459E866E-300F-4A4A-8BB0-FB46B07EB0F0}.Debug|Any CPU.Build.0 = Debug|Any CPU
		{459E866E-300F-4A4A-8BB0-FB46B07EB0F0}.Release|Any CPU.ActiveCfg = Release|Any CPU
		{459E866E-300F-4A4A-8BB0-FB46B07EB0F0}.Release|Any CPU.Build.0 = Release|Any CPU
	EndGlobalSection
	GlobalSection(SolutionProperties) = preSolution
		HideSolutionNode = FALSE
	EndGlobalSection
EndGlobal
